
Microsoft Visual Studio Solution File, Format Version 12.00
# Visual Studio Version 17
VisualStudioVersion = 17.4.33213.308
MinimumVisualStudioVersion = 10.0.40219.1
Project("{FAE04EC0-301F-11D3-BF4B-00C04F79EFBC}") = "ConsoleApp64", "ConsoleApp64\ConsoleApp64.csproj", "{F99BAECD-2399-4690-BF72-4FA707916935}"
EndProject
Global
	GlobalSection(SolutionConfigurationPlatforms) = preSolution
		Debug|Any CPU = Debug|Any CPU
		Release|Any CPU = Release|Any CPU
	EndGlobalSection
	GlobalSection(ProjectConfigurationPlatforms) = postSolution
		{F99BAECD-2399-4690-BF72-4FA707916935}.Debug|Any CPU.ActiveCfg = Debug|Any CPU
		{F99BAECD-2399-4690-BF72-4FA707916935}.Debug|Any CPU.Build.0 = Debug|Any CPU
		{F99BAECD-2399-4690-BF72-4FA707916935}.Release|Any CPU.ActiveCfg = Release|Any CPU
		{F99BAECD-2399-4690-BF72-4FA707916935}.Release|Any CPU.Build.0 = Release|Any CPU
	EndGlobalSection
	GlobalSection(SolutionProperties) = preSolution
		HideSolutionNode = FALSE
	EndGlobalSection
	GlobalSection(ExtensibilityGlobals) = postSolution
		SolutionGuid = {851C4741-85F1-438F-9F86-68AF37096C84}
	EndGlobalSection
EndGlobal
